
Microsoft Visual Studio Solution File, Format Version 12.00
# Visual Studio Version 17
VisualStudioVersion = 17.1.32210.238
MinimumVisualStudioVersion = 10.0.40219.1
Project("{8BC9CEB8-8B4A-11D0-8D11-00A0C91BC942}") = "Exercitii", "Exercitii.vcxproj", "{6C4F0B32-14E7-44F8-ADFE-6F00A8893C94}"
EndProject
Global
	GlobalSection(SolutionConfigurationPlatforms) = preSolution
		Debug|x64 = Debug|x64
		Debug|x86 = Debug|x86
		Release|x64 = Release|x64
		Release|x86 = Release|x86
	EndGlobalSection
	GlobalSection(ProjectConfigurationPlatforms) = postSolution
		{6C4F0B32-14E7-44F8-ADFE-6F00A8893C94}.Debug|x64.ActiveCfg = Debug|x64
		{6C4F0B32-14E7-44F8-ADFE-6F00A8893C94}.Debug|x64.Build.0 = Debug|x64
		{6C4F0B32-14E7-44F8-ADFE-6F00A8893C94}.Debug|x86.ActiveCfg = Debug|Win32
		{6C4F0B32-14E7-44F8-ADFE-6F00A8893C94}.Debug|x86.Build.0 = Debug|Win32
		{6C4F0B32-14E7-44F8-ADFE-6F00A8893C94}.Release|x64.ActiveCfg = Release|x64
		{6C4F0B32-14E7-44F8-ADFE-6F00A8893C94}.Release|x64.Build.0 = Release|x64
		{6C4F0B32-14E7-44F8-ADFE-6F00A8893C94}.Release|x86.ActiveCfg = Release|Win32
		{6C4F0B32-14E7-44F8-ADFE-6F00A8893C94}.Release|x86.Build.0 = Release|Win32
	EndGlobalSection
	GlobalSection(SolutionProperties) = preSolution
		HideSolutionNode = FALSE
	EndGlobalSection
	GlobalSection(ExtensibilityGlobals) = postSolution
		SolutionGuid = {D899201F-6BAD-4927-A7A0-BABFDF4705E9}
	EndGlobalSection
EndGlobal
